// !$*UTF8*$!
{
	archiveVersion = 1;
	classes = {
	};
	objectVersion = 56;
	objects = {

/* Begin PBXBuildFile section */
		53A2DCB828E302FE000B1AD5 /* Model.swift in Sources */ = {isa = PBXBuildFile; fileRef = 53A2DCB728E302FE000B1AD5 /* Model.swift */; };
		53A2DCBA28E31D3C000B1AD5 /* ViewModel.swift in Sources */ = {isa = PBXBuildFile; fileRef = 53A2DCB928E31D3C000B1AD5 /* ViewModel.swift */; };
		53A2DCBC28E3327F000B1AD5 /* APICaller.swift in Sources */ = {isa = PBXBuildFile; fileRef = 53A2DCBB28E3327F000B1AD5 /* APICaller.swift */; };
		53A2DCBE28E351D3000B1AD5 /* Helper.swift in Sources */ = {isa = PBXBuildFile; fileRef = 53A2DCBD28E351D3000B1AD5 /* Helper.swift */; };
		53A2DCC128E36212000B1AD5 /* CachedAsyncImage in Frameworks */ = {isa = PBXBuildFile; productRef = 53A2DCC028E36212000B1AD5 /* CachedAsyncImage */; };
		53A2DCC928E38BB4000B1AD5 /* SingKingTests.swift in Sources */ = {isa = PBXBuildFile; fileRef = 53A2DCC828E38BB4000B1AD5 /* SingKingTests.swift */; };
		53A2DCCF28E39854000B1AD5 /* ViewModel.swift in Sources */ = {isa = PBXBuildFile; fileRef = 53A2DCB928E31D3C000B1AD5 /* ViewModel.swift */; };
		53A2DCD028E39A8D000B1AD5 /* APICaller.swift in Sources */ = {isa = PBXBuildFile; fileRef = 53A2DCBB28E3327F000B1AD5 /* APICaller.swift */; };
		53A2DCD128E39A93000B1AD5 /* Helper.swift in Sources */ = {isa = PBXBuildFile; fileRef = 53A2DCBD28E351D3000B1AD5 /* Helper.swift */; };
		53A2DCD228E39C7B000B1AD5 /* Model.swift in Sources */ = {isa = PBXBuildFile; fileRef = 53A2DCB728E302FE000B1AD5 /* Model.swift */; };
		53A2DCD328E3A1A4000B1AD5 /* BBCharsListView.swift in Sources */ = {isa = PBXBuildFile; fileRef = 53B49FA728E24FE2003104FE /* BBCharsListView.swift */; };
		53A2DCD428E3A1A6000B1AD5 /* SingKingApp.swift in Sources */ = {isa = PBXBuildFile; fileRef = 53B49FA528E24FE2003104FE /* SingKingApp.swift */; };
		53A2DCD628E3AA8F000B1AD5 /* DetailView.swift in Sources */ = {isa = PBXBuildFile; fileRef = 53A2DCD528E3AA8F000B1AD5 /* DetailView.swift */; };
		53B49FA628E24FE2003104FE /* SingKingApp.swift in Sources */ = {isa = PBXBuildFile; fileRef = 53B49FA528E24FE2003104FE /* SingKingApp.swift */; };
		53B49FA828E24FE2003104FE /* BBCharsListView.swift in Sources */ = {isa = PBXBuildFile; fileRef = 53B49FA728E24FE2003104FE /* BBCharsListView.swift */; };
		53B49FAA28E24FE4003104FE /* Assets.xcassets in Resources */ = {isa = PBXBuildFile; fileRef = 53B49FA928E24FE4003104FE /* Assets.xcassets */; };
		53B49FAD28E24FE4003104FE /* Preview Assets.xcassets in Resources */ = {isa = PBXBuildFile; fileRef = 53B49FAC28E24FE4003104FE /* Preview Assets.xcassets */; };
/* End PBXBuildFile section */

/* Begin PBXContainerItemProxy section */
		53A2DCCA28E38BB4000B1AD5 /* PBXContainerItemProxy */ = {
			isa = PBXContainerItemProxy;
			containerPortal = 53B49F9A28E24FE2003104FE /* Project object */;
			proxyType = 1;
			remoteGlobalIDString = 53B49FA128E24FE2003104FE;
			remoteInfo = SingKing;
		};
/* End PBXContainerItemProxy section */

/* Begin PBXFileReference section */
		53A2DCB728E302FE000B1AD5 /* Model.swift */ = {isa = PBXFileReference; lastKnownFileType = sourcecode.swift; path = Model.swift; sourceTree = "<group>"; };
		53A2DCB928E31D3C000B1AD5 /* ViewModel.swift */ = {isa = PBXFileReference; lastKnownFileType = sourcecode.swift; path = ViewModel.swift; sourceTree = "<group>"; };
		53A2DCBB28E3327F000B1AD5 /* APICaller.swift */ = {isa = PBXFileReference; lastKnownFileType = sourcecode.swift; path = APICaller.swift; sourceTree = "<group>"; };
		53A2DCBD28E351D3000B1AD5 /* Helper.swift */ = {isa = PBXFileReference; lastKnownFileType = sourcecode.swift; path = Helper.swift; sourceTree = "<group>"; };
		53A2DCC628E38BB4000B1AD5 /* SingKingTests.xctest */ = {isa = PBXFileReference; explicitFileType = wrapper.cfbundle; includeInIndex = 0; path = SingKingTests.xctest; sourceTree = BUILT_PRODUCTS_DIR; };
		53A2DCC828E38BB4000B1AD5 /* SingKingTests.swift */ = {isa = PBXFileReference; lastKnownFileType = sourcecode.swift; path = SingKingTests.swift; sourceTree = "<group>"; };
		53A2DCD528E3AA8F000B1AD5 /* DetailView.swift */ = {isa = PBXFileReference; lastKnownFileType = sourcecode.swift; path = DetailView.swift; sourceTree = "<group>"; };
		53B49FA228E24FE2003104FE /* SingKing.app */ = {isa = PBXFileReference; explicitFileType = wrapper.application; includeInIndex = 0; path = SingKing.app; sourceTree = BUILT_PRODUCTS_DIR; };
		53B49FA528E24FE2003104FE /* SingKingApp.swift */ = {isa = PBXFileReference; lastKnownFileType = sourcecode.swift; path = SingKingApp.swift; sourceTree = "<group>"; };
		53B49FA728E24FE2003104FE /* BBCharsListView.swift */ = {isa = PBXFileReference; lastKnownFileType = sourcecode.swift; path = BBCharsListView.swift; sourceTree = "<group>"; };
		53B49FA928E24FE4003104FE /* Assets.xcassets */ = {isa = PBXFileReference; lastKnownFileType = folder.assetcatalog; path = Assets.xcassets; sourceTree = "<group>"; };
		53B49FAC28E24FE4003104FE /* Preview Assets.xcassets */ = {isa = PBXFileReference; lastKnownFileType = folder.assetcatalog; path = "Preview Assets.xcassets"; sourceTree = "<group>"; };
/* End PBXFileReference section */

/* Begin PBXFrameworksBuildPhase section */
		53A2DCC328E38BB4000B1AD5 /* Frameworks */ = {
			isa = PBXFrameworksBuildPhase;
			buildActionMask = 2147483647;
			files = (
			);
			runOnlyForDeploymentPostprocessing = 0;
		};
		53B49F9F28E24FE2003104FE /* Frameworks */ = {
			isa = PBXFrameworksBuildPhase;
			buildActionMask = 2147483647;
			files = (
				53A2DCC128E36212000B1AD5 /* CachedAsyncImage in Frameworks */,
			);
			runOnlyForDeploymentPostprocessing = 0;
		};
/* End PBXFrameworksBuildPhase section */

/* Begin PBXGroup section */
		53A2DCC728E38BB4000B1AD5 /* SingKingTests */ = {
			isa = PBXGroup;
			children = (
				53A2DCC828E38BB4000B1AD5 /* SingKingTests.swift */,
			);
			path = SingKingTests;
			sourceTree = "<group>";
		};
		53B49F9928E24FE2003104FE = {
			isa = PBXGroup;
			children = (
				53B49FA428E24FE2003104FE /* SingKing */,
				53A2DCC728E38BB4000B1AD5 /* SingKingTests */,
				53B49FA328E24FE2003104FE /* Products */,
			);
			sourceTree = "<group>";
		};
		53B49FA328E24FE2003104FE /* Products */ = {
			isa = PBXGroup;
			children = (
				53B49FA228E24FE2003104FE /* SingKing.app */,
				53A2DCC628E38BB4000B1AD5 /* SingKingTests.xctest */,
			);
			name = Products;
			sourceTree = "<group>";
		};
		53B49FA428E24FE2003104FE /* SingKing */ = {
			isa = PBXGroup;
			children = (
				53B49FA528E24FE2003104FE /* SingKingApp.swift */,
				53B49FA728E24FE2003104FE /* BBCharsListView.swift */,
				53A2DCD528E3AA8F000B1AD5 /* DetailView.swift */,
				53A2DCB728E302FE000B1AD5 /* Model.swift */,
				53B49FA928E24FE4003104FE /* Assets.xcassets */,
				53B49FAB28E24FE4003104FE /* Preview Content */,
				53A2DCB928E31D3C000B1AD5 /* ViewModel.swift */,
				53A2DCBB28E3327F000B1AD5 /* APICaller.swift */,
				53A2DCBD28E351D3000B1AD5 /* Helper.swift */,
			);
			path = SingKing;
			sourceTree = "<group>";
		};
		53B49FAB28E24FE4003104FE /* Preview Content */ = {
			isa = PBXGroup;
			children = (
				53B49FAC28E24FE4003104FE /* Preview Assets.xcassets */,
			);
			path = "Preview Content";
			sourceTree = "<group>";
		};
/* End PBXGroup section */

/* Begin PBXNativeTarget section */
		53A2DCC528E38BB4000B1AD5 /* SingKingTests */ = {
			isa = PBXNativeTarget;
			buildConfigurationList = 53A2DCCC28E38BB4000B1AD5 /* Build configuration list for PBXNativeTarget "SingKingTests" */;
			buildPhases = (
				53A2DCC228E38BB4000B1AD5 /* Sources */,
				53A2DCC328E38BB4000B1AD5 /* Frameworks */,
				53A2DCC428E38BB4000B1AD5 /* Resources */,
			);
			buildRules = (
			);
			dependencies = (
				53A2DCCB28E38BB4000B1AD5 /* PBXTargetDependency */,
			);
			name = SingKingTests;
			productName = SingKingTests;
			productReference = 53A2DCC628E38BB4000B1AD5 /* SingKingTests.xctest */;
			productType = "com.apple.product-type.bundle.unit-test";
		};
		53B49FA128E24FE2003104FE /* SingKing */ = {
			isa = PBXNativeTarget;
			buildConfigurationList = 53B49FB028E24FE4003104FE /* Build configuration list for PBXNativeTarget "SingKing" */;
			buildPhases = (
				53B49F9E28E24FE2003104FE /* Sources */,
				53B49F9F28E24FE2003104FE /* Frameworks */,
				53B49FA028E24FE2003104FE /* Resources */,
			);
			buildRules = (
			);
			dependencies = (
			);
			name = SingKing;
			packageProductDependencies = (
				53A2DCC028E36212000B1AD5 /* CachedAsyncImage */,
			);
			productName = SingKing;
			productReference = 53B49FA228E24FE2003104FE /* SingKing.app */;
			productType = "com.apple.product-type.application";
		};
/* End PBXNativeTarget section */

/* Begin PBXProject section */
		53B49F9A28E24FE2003104FE /* Project object */ = {
			isa = PBXProject;
			attributes = {
				BuildIndependentTargetsInParallel = 1;
				LastSwiftUpdateCheck = 1400;
				LastUpgradeCheck = 1400;
				TargetAttributes = {
					53A2DCC528E38BB4000B1AD5 = {
						CreatedOnToolsVersion = 14.0;
						TestTargetID = 53B49FA128E24FE2003104FE;
					};
					53B49FA128E24FE2003104FE = {
						CreatedOnToolsVersion = 14.0;
					};
				};
			};
			buildConfigurationList = 53B49F9D28E24FE2003104FE /* Build configuration list for PBXProject "SingKing" */;
			compatibilityVersion = "Xcode 14.0";
			developmentRegion = en;
			hasScannedForEncodings = 0;
			knownRegions = (
				en,
				Base,
			);
			mainGroup = 53B49F9928E24FE2003104FE;
			packageReferences = (
				53A2DCBF28E36212000B1AD5 /* XCRemoteSwiftPackageReference "swiftui-cached-async-image" */,
			);
			productRefGroup = 53B49FA328E24FE2003104FE /* Products */;
			projectDirPath = "";
			projectRoot = "";
			targets = (
				53B49FA128E24FE2003104FE /* SingKing */,
				53A2DCC528E38BB4000B1AD5 /* SingKingTests */,
			);
		};
/* End PBXProject section */

/* Begin PBXResourcesBuildPhase section */
		53A2DCC428E38BB4000B1AD5 /* Resources */ = {
			isa = PBXResourcesBuildPhase;
			buildActionMask = 2147483647;
			files = (
			);
			runOnlyForDeploymentPostprocessing = 0;
		};
		53B49FA028E24FE2003104FE /* Resources */ = {
			isa = PBXResourcesBuildPhase;
			buildActionMask = 2147483647;
			files = (
				53B49FAD28E24FE4003104FE /* Preview Assets.xcassets in Resources */,
				53B49FAA28E24FE4003104FE /* Assets.xcassets in Resources */,
			);
			runOnlyForDeploymentPostprocessing = 0;
		};
/* End PBXResourcesBuildPhase section */

/* Begin PBXSourcesBuildPhase section */
		53A2DCC228E38BB4000B1AD5 /* Sources */ = {
			isa = PBXSourcesBuildPhase;
			buildActionMask = 2147483647;
			files = (
				53A2DCD328E3A1A4000B1AD5 /* BBCharsListView.swift in Sources */,
				53A2DCD228E39C7B000B1AD5 /* Model.swift in Sources */,
				53A2DCD428E3A1A6000B1AD5 /* SingKingApp.swift in Sources */,
				53A2DCCF28E39854000B1AD5 /* ViewModel.swift in Sources */,
				53A2DCD028E39A8D000B1AD5 /* APICaller.swift in Sources */,
				53A2DCC928E38BB4000B1AD5 /* SingKingTests.swift in Sources */,
				53A2DCD128E39A93000B1AD5 /* Helper.swift in Sources */,
			);
			runOnlyForDeploymentPostprocessing = 0;
		};
		53B49F9E28E24FE2003104FE /* Sources */ = {
			isa = PBXSourcesBuildPhase;
			buildActionMask = 2147483647;
			files = (
				53A2DCBC28E3327F000B1AD5 /* APICaller.swift in Sources */,
				53A2DCB828E302FE000B1AD5 /* Model.swift in Sources */,
				53B49FA828E24FE2003104FE /* BBCharsListView.swift in Sources */,
				53A2DCD628E3AA8F000B1AD5 /* DetailView.swift in Sources */,
				53A2DCBA28E31D3C000B1AD5 /* ViewModel.swift in Sources */,
				53B49FA628E24FE2003104FE /* SingKingApp.swift in Sources */,
				53A2DCBE28E351D3000B1AD5 /* Helper.swift in Sources */,
			);
			runOnlyForDeploymentPostprocessing = 0;
		};
/* End PBXSourcesBuildPhase section */

/* Begin PBXTargetDependency section */
		53A2DCCB28E38BB4000B1AD5 /* PBXTargetDependency */ = {
			isa = PBXTargetDependency;
			target = 53B49FA128E24FE2003104FE /* SingKing */;
			targetProxy = 53A2DCCA28E38BB4000B1AD5 /* PBXContainerItemProxy */;
		};
/* End PBXTargetDependency section */

/* Begin XCBuildConfiguration section */
		53A2DCCD28E38BB4000B1AD5 /* Debug */ = {
			isa = XCBuildConfiguration;
			buildSettings = {
				BUNDLE_LOADER = "$(TEST_HOST)";
				CODE_SIGN_STYLE = Automatic;
				CURRENT_PROJECT_VERSION = 1;
				DEVELOPMENT_TEAM = V8JNQBSN5B;
				GENERATE_INFOPLIST_FILE = YES;
				IPHONEOS_DEPLOYMENT_TARGET = 16.0;
				MARKETING_VERSION = 1.0;
				PRODUCT_BUNDLE_IDENTIFIER = projectum.SingKingTests;
				PRODUCT_NAME = "$(TARGET_NAME)";
				SWIFT_EMIT_LOC_STRINGS = NO;
				SWIFT_VERSION = 5.0;
				TARGETED_DEVICE_FAMILY = "1,2";
				TEST_HOST = "$(BUILT_PRODUCTS_DIR)/SingKing.app/$(BUNDLE_EXECUTABLE_FOLDER_PATH)/SingKing";
			};
			name = Debug;
		};
		53A2DCCE28E38BB4000B1AD5 /* Release */ = {
			isa = XCBuildConfiguration;
			buildSettings = {
				BUNDLE_LOADER = "$(TEST_HOST)";
				CODE_SIGN_STYLE = Automatic;
				CURRENT_PROJECT_VERSION = 1;
				DEVELOPMENT_TEAM = V8JNQBSN5B;
				GENERATE_INFOPLIST_FILE = YES;
				IPHONEOS_DEPLOYMENT_TARGET = 16.0;
				MARKETING_VERSION = 1.0;
				PRODUCT_BUNDLE_IDENTIFIER = projectum.SingKingTests;
				PRODUCT_NAME = "$(TARGET_NAME)";
				SWIFT_EMIT_LOC_STRINGS = NO;
				SWIFT_VERSION = 5.0;
				TARGETED_DEVICE_FAMILY = "1,2";
				TEST_HOST = "$(BUILT_PRODUCTS_DIR)/SingKing.app/$(BUNDLE_EXECUTABLE_FOLDER_PATH)/SingKing";
			};
			name = Release;
		};
		53B49FAE28E24FE4003104FE /* Debug */ = {
			isa = XCBuildConfiguration;
			buildSettings = {
				ALWAYS_SEARCH_USER_PATHS = NO;
				CLANG_ANALYZER_NONNULL = YES;
				CLANG_ANALYZER_NUMBER_OBJECT_CONVERSION = YES_AGGRESSIVE;
				CLANG_CXX_LANGUAGE_STANDARD = "gnu++20";
				CLANG_ENABLE_MODULES = YES;
				CLANG_ENABLE_OBJC_ARC = YES;
				CLANG_ENABLE_OBJC_WEAK = YES;
				CLANG_WARN_BLOCK_CAPTURE_AUTORELEASING = YES;
				CLANG_WARN_BOOL_CONVERSION = YES;
				CLANG_WARN_COMMA = YES;
				CLANG_WARN_CONSTANT_CONVERSION = YES;
				CLANG_WARN_DEPRECATED_OBJC_IMPLEMENTATIONS = YES;
				CLANG_WARN_DIRECT_OBJC_ISA_USAGE = YES_ERROR;
				CLANG_WARN_DOCUMENTATION_COMMENTS = YES;
				CLANG_WARN_EMPTY_BODY = YES;
				CLANG_WARN_ENUM_CONVERSION = YES;
				CLANG_WARN_INFINITE_RECURSION = YES;
				CLANG_WARN_INT_CONVERSION = YES;
				CLANG_WARN_NON_LITERAL_NULL_CONVERSION = YES;
				CLANG_WARN_OBJC_IMPLICIT_RETAIN_SELF = YES;
				CLANG_WARN_OBJC_LITERAL_CONVERSION = YES;
				CLANG_WARN_OBJC_ROOT_CLASS = YES_ERROR;
				CLANG_WARN_QUOTED_INCLUDE_IN_FRAMEWORK_HEADER = YES;
				CLANG_WARN_RANGE_LOOP_ANALYSIS = YES;
				CLANG_WARN_STRICT_PROTOTYPES = YES;
				CLANG_WARN_SUSPICIOUS_MOVE = YES;
				CLANG_WARN_UNGUARDED_AVAILABILITY = YES_AGGRESSIVE;
				CLANG_WARN_UNREACHABLE_CODE = YES;
				CLANG_WARN__DUPLICATE_METHOD_MATCH = YES;
				COPY_PHASE_STRIP = NO;
				DEBUG_INFORMATION_FORMAT = dwarf;
				ENABLE_STRICT_OBJC_MSGSEND = YES;
				ENABLE_TESTABILITY = YES;
				GCC_C_LANGUAGE_STANDARD = gnu11;
				GCC_DYNAMIC_NO_PIC = NO;
				GCC_NO_COMMON_BLOCKS = YES;
				GCC_OPTIMIZATION_LEVEL = 0;
				GCC_PREPROCESSOR_DEFINITIONS = (
					"DEBUG=1",
					"$(inherited)",
				);
				GCC_WARN_64_TO_32_BIT_CONVERSION = YES;
				GCC_WARN_ABOUT_RETURN_TYPE = YES_ERROR;
				GCC_WARN_UNDECLARED_SELECTOR = YES;
				GCC_WARN_UNINITIALIZED_AUTOS = YES_AGGRESSIVE;
				GCC_WARN_UNUSED_FUNCTION = YES;
				GCC_WARN_UNUSED_VARIABLE = YES;
				IPHONEOS_DEPLOYMENT_TARGET = 15.0;
				MTL_ENABLE_DEBUG_INFO = INCLUDE_SOURCE;
				MTL_FAST_MATH = YES;
				ONLY_ACTIVE_ARCH = YES;
				SDKROOT = iphoneos;
				SWIFT_ACTIVE_COMPILATION_CONDITIONS = DEBUG;
				SWIFT_OPTIMIZATION_LEVEL = "-Onone";
			};
			name = Debug;
		};
		53B49FAF28E24FE4003104FE /* Release */ = {
			isa = XCBuildConfiguration;
			buildSettings = {
				ALWAYS_SEARCH_USER_PATHS = NO;
				CLANG_ANALYZER_NONNULL = YES;
				CLANG_ANALYZER_NUMBER_OBJECT_CONVERSION = YES_AGGRESSIVE;
				CLANG_CXX_LANGUAGE_STANDARD = "gnu++20";
				CLANG_ENABLE_MODULES = YES;
				CLANG_ENABLE_OBJC_ARC = YES;
				CLANG_ENABLE_OBJC_WEAK = YES;
				CLANG_WARN_BLOCK_CAPTURE_AUTORELEASING = YES;
				CLANG_WARN_BOOL_CONVERSION = YES;
				CLANG_WARN_COMMA = YES;
				CLANG_WARN_CONSTANT_CONVERSION = YES;
				CLANG_WARN_DEPRECATED_OBJC_IMPLEMENTATIONS = YES;
				CLANG_WARN_DIRECT_OBJC_ISA_USAGE = YES_ERROR;
				CLANG_WARN_DOCUMENTATION_COMMENTS = YES;
				CLANG_WARN_EMPTY_BODY = YES;
				CLANG_WARN_ENUM_CONVERSION = YES;
				CLANG_WARN_INFINITE_RECURSION = YES;
				CLANG_WARN_INT_CONVERSION = YES;
				CLANG_WARN_NON_LITERAL_NULL_CONVERSION = YES;
				CLANG_WARN_OBJC_IMPLICIT_RETAIN_SELF = YES;
				CLANG_WARN_OBJC_LITERAL_CONVERSION = YES;
				CLANG_WARN_OBJC_ROOT_CLASS = YES_ERROR;
				CLANG_WARN_QUOTED_INCLUDE_IN_FRAMEWORK_HEADER = YES;
				CLANG_WARN_RANGE_LOOP_ANALYSIS = YES;
				CLANG_WARN_STRICT_PROTOTYPES = YES;
				CLANG_WARN_SUSPICIOUS_MOVE = YES;
				CLANG_WARN_UNGUARDED_AVAILABILITY = YES_AGGRESSIVE;
				CLANG_WARN_UNREACHABLE_CODE = YES;
				CLANG_WARN__DUPLICATE_METHOD_MATCH = YES;
				COPY_PHASE_STRIP = NO;
				DEBUG_INFORMATION_FORMAT = "dwarf-with-dsym";
				ENABLE_NS_ASSERTIONS = NO;
				ENABLE_STRICT_OBJC_MSGSEND = YES;
				GCC_C_LANGUAGE_STANDARD = gnu11;
				GCC_NO_COMMON_BLOCKS = YES;
				GCC_WARN_64_TO_32_BIT_CONVERSION = YES;
				GCC_WARN_ABOUT_RETURN_TYPE = YES_ERROR;
				GCC_WARN_UNDECLARED_SELECTOR = YES;
				GCC_WARN_UNINITIALIZED_AUTOS = YES_AGGRESSIVE;
				GCC_WARN_UNUSED_FUNCTION = YES;
				GCC_WARN_UNUSED_VARIABLE = YES;
				IPHONEOS_DEPLOYMENT_TARGET = 15.0;
				MTL_ENABLE_DEBUG_INFO = NO;
				MTL_FAST_MATH = YES;
				SDKROOT = iphoneos;
				SWIFT_COMPILATION_MODE = wholemodule;
				SWIFT_OPTIMIZATION_LEVEL = "-O";
				VALIDATE_PRODUCT = YES;
			};
			name = Release;
		};
		53B49FB128E24FE4003104FE /* Debug */ = {
			isa = XCBuildConfiguration;
			buildSettings = {
				ASSETCATALOG_COMPILER_APPICON_NAME = AppIcon;
				ASSETCATALOG_COMPILER_GLOBAL_ACCENT_COLOR_NAME = AccentColor;
				CODE_SIGN_STYLE = Automatic;
				CURRENT_PROJECT_VERSION = 1;
				DEVELOPMENT_ASSET_PATHS = "\"SingKing/Preview Content\"";
				DEVELOPMENT_TEAM = V8JNQBSN5B;
				ENABLE_PREVIEWS = YES;
				GENERATE_INFOPLIST_FILE = YES;
				INFOPLIST_KEY_UIApplicationSceneManifest_Generation = YES;
				INFOPLIST_KEY_UIApplicationSupportsIndirectInputEvents = YES;
				INFOPLIST_KEY_UILaunchScreen_Generation = YES;
				INFOPLIST_KEY_UISupportedInterfaceOrientations_iPad = "UIInterfaceOrientationPortrait UIInterfaceOrientationPortraitUpsideDown UIInterfaceOrientationLandscapeLeft UIInterfaceOrientationLandscapeRight";
				INFOPLIST_KEY_UISupportedInterfaceOrientations_iPhone = "UIInterfaceOrientationPortrait UIInterfaceOrientationLandscapeLeft UIInterfaceOrientationLandscapeRight";
				LD_RUNPATH_SEARCH_PATHS = (
					"$(inherited)",
					"@executable_path/Frameworks",
				);
				MARKETING_VERSION = 1.0;
				PRODUCT_BUNDLE_IDENTIFIER = projectum.SingKing;
				PRODUCT_NAME = "$(TARGET_NAME)";
				SWIFT_EMIT_LOC_STRINGS = YES;
				SWIFT_VERSION = 5.0;
				TARGETED_DEVICE_FAMILY = "1,2";
			};
			name = Debug;
		};
		53B49FB228E24FE4003104FE /* Release */ = {
			isa = XCBuildConfiguration;
			buildSettings = {
				ASSETCATALOG_COMPILER_APPICON_NAME = AppIcon;
				ASSETCATALOG_COMPILER_GLOBAL_ACCENT_COLOR_NAME = AccentColor;
				CODE_SIGN_STYLE = Automatic;
				CURRENT_PROJECT_VERSION = 1;
				DEVELOPMENT_ASSET_PATHS = "\"SingKing/Preview Content\"";
				DEVELOPMENT_TEAM = V8JNQBSN5B;
				ENABLE_PREVIEWS = YES;
				GENERATE_INFOPLIST_FILE = YES;
				INFOPLIST_KEY_UIApplicationSceneManifest_Generation = YES;
				INFOPLIST_KEY_UIApplicationSupportsIndirectInputEvents = YES;
				INFOPLIST_KEY_UILaunchScreen_Generation = YES;
				INFOPLIST_KEY_UISupportedInterfaceOrientations_iPad = "UIInterfaceOrientationPortrait UIInterfaceOrientationPortraitUpsideDown UIInterfaceOrientationLandscapeLeft UIInterfaceOrientationLandscapeRight";
				INFOPLIST_KEY_UISupportedInterfaceOrientations_iPhone = "UIInterfaceOrientationPortrait UIInterfaceOrientationLandscapeLeft UIInterfaceOrientationLandscapeRight";
				LD_RUNPATH_SEARCH_PATHS = (
					"$(inherited)",
					"@executable_path/Frameworks",
				);
				MARKETING_VERSION = 1.0;
				PRODUCT_BUNDLE_IDENTIFIER = projectum.SingKing;
				PRODUCT_NAME = "$(TARGET_NAME)";
				SWIFT_EMIT_LOC_STRINGS = YES;
				SWIFT_VERSION = 5.0;
				TARGETED_DEVICE_FAMILY = "1,2";
			};
			name = Release;
		};
/* End XCBuildConfiguration section */

/* Begin XCConfigurationList section */
		53A2DCCC28E38BB4000B1AD5 /* Build configuration list for PBXNativeTarget "SingKingTests" */ = {
			isa = XCConfigurationList;
			buildConfigurations = (
				53A2DCCD28E38BB4000B1AD5 /* Debug */,
				53A2DCCE28E38BB4000B1AD5 /* Release */,
			);
			defaultConfigurationIsVisible = 0;
			defaultConfigurationName = Release;
		};
		53B49F9D28E24FE2003104FE /* Build configuration list for PBXProject "SingKing" */ = {
			isa = XCConfigurationList;
			buildConfigurations = (
				53B49FAE28E24FE4003104FE /* Debug */,
				53B49FAF28E24FE4003104FE /* Release */,
			);
			defaultConfigurationIsVisible = 0;
			defaultConfigurationName = Release;
		};
		53B49FB028E24FE4003104FE /* Build configuration list for PBXNativeTarget "SingKing" */ = {
			isa = XCConfigurationList;
			buildConfigurations = (
				53B49FB128E24FE4003104FE /* Debug */,
				53B49FB228E24FE4003104FE /* Release */,
			);
			defaultConfigurationIsVisible = 0;
			defaultConfigurationName = Release;
		};
/* End XCConfigurationList section */

/* Begin XCRemoteSwiftPackageReference section */
		53A2DCBF28E36212000B1AD5 /* XCRemoteSwiftPackageReference "swiftui-cached-async-image" */ = {
			isa = XCRemoteSwiftPackageReference;
			repositoryURL = "https://github.com/lorenzofiamingo/swiftui-cached-async-image";
			requirement = {
				kind = upToNextMajorVersion;
				minimumVersion = 2.0.0;
			};
		};
/* End XCRemoteSwiftPackageReference section */

/* Begin XCSwiftPackageProductDependency section */
		53A2DCC028E36212000B1AD5 /* CachedAsyncImage */ = {
			isa = XCSwiftPackageProductDependency;
			package = 53A2DCBF28E36212000B1AD5 /* XCRemoteSwiftPackageReference "swiftui-cached-async-image" */;
			productName = CachedAsyncImage;
		};
/* End XCSwiftPackageProductDependency section */
	};
	rootObject = 53B49F9A28E24FE2003104FE /* Project object */;
}
